
Microsoft Visual Studio Solution File, Format Version 12.00
# Visual Studio Version 17
VisualStudioVersion = 17.0.31912.275
MinimumVisualStudioVersion = 10.0.40219.1
Project("{FAE04EC0-301F-11D3-BF4B-00C04F79EFBC}") = "FinalProject", "FinalProject.csproj", "{7F0D1C3F-C684-4C2E-BEEB-AA2650BE2EDF}"
EndProject
Global
	GlobalSection(SolutionConfigurationPlatforms) = preSolution
		Debug|Any CPU = Debug|Any CPU
		Release|Any CPU = Release|Any CPU
	EndGlobalSection
	GlobalSection(ProjectConfigurationPlatforms) = postSolution
		{7F0D1C3F-C684-4C2E-BEEB-AA2650BE2EDF}.Debug|Any CPU.ActiveCfg = Debug|Any CPU
		{7F0D1C3F-C684-4C2E-BEEB-AA2650BE2EDF}.Debug|Any CPU.Build.0 = Debug|Any CPU
		{7F0D1C3F-C684-4C2E-BEEB-AA2650BE2EDF}.Release|Any CPU.ActiveCfg = Release|Any CPU
		{7F0D1C3F-C684-4C2E-BEEB-AA2650BE2EDF}.Release|Any CPU.Build.0 = Release|Any CPU
	EndGlobalSection
	GlobalSection(SolutionProperties) = preSolution
		HideSolutionNode = FALSE
	EndGlobalSection
	GlobalSection(ExtensibilityGlobals) = postSolution
		SolutionGuid = {E5CF088F-9C11-45C1-BBFC-705E6724F4D1}
	EndGlobalSection
EndGlobal
